
Microsoft Visual Studio Solution File, Format Version 12.00
# Visual Studio Version 17
VisualStudioVersion = 17.9.34723.18
MinimumVisualStudioVersion = 10.0.40219.1
Project("{FAE04EC0-301F-11D3-BF4B-00C04F79EFBC}") = "GestionConcoursApp", "GestionConcoursApp.csproj", "{F6F9E4F8-079D-4C76-BB87-9431FD08AE6B}"
EndProject
Project("{FAE04EC0-301F-11D3-BF4B-00C04F79EFBC}") = "GestionConcoursAppTests", "..\GestionConcoursAppTests\GestionConcoursAppTests.csproj", "{2A5D0A7C-D742-418B-8CC5-4120913BB108}"
EndProject
Global
	GlobalSection(SolutionConfigurationPlatforms) = preSolution
		Debug|Any CPU = Debug|Any CPU
		Release|Any CPU = Release|Any CPU
	EndGlobalSection
	GlobalSection(ProjectConfigurationPlatforms) = postSolution
		{F6F9E4F8-079D-4C76-BB87-9431FD08AE6B}.Debug|Any CPU.ActiveCfg = Debug|Any CPU
		{F6F9E4F8-079D-4C76-BB87-9431FD08AE6B}.Debug|Any CPU.Build.0 = Debug|Any CPU
		{F6F9E4F8-079D-4C76-BB87-9431FD08AE6B}.Release|Any CPU.ActiveCfg = Release|Any CPU
		{F6F9E4F8-079D-4C76-BB87-9431FD08AE6B}.Release|Any CPU.Build.0 = Release|Any CPU
		{2A5D0A7C-D742-418B-8CC5-4120913BB108}.Debug|Any CPU.ActiveCfg = Debug|Any CPU
		{2A5D0A7C-D742-418B-8CC5-4120913BB108}.Debug|Any CPU.Build.0 = Debug|Any CPU
		{2A5D0A7C-D742-418B-8CC5-4120913BB108}.Release|Any CPU.ActiveCfg = Release|Any CPU
		{2A5D0A7C-D742-418B-8CC5-4120913BB108}.Release|Any CPU.Build.0 = Release|Any CPU
	EndGlobalSection
	GlobalSection(SolutionProperties) = preSolution
		HideSolutionNode = FALSE
	EndGlobalSection
	GlobalSection(ExtensibilityGlobals) = postSolution
		SolutionGuid = {D40E492F-E1F3-432C-A6FC-572392E05C86}
	EndGlobalSection
EndGlobal
